
Microsoft Visual Studio Solution File, Format Version 12.00
# Visual Studio Version 17
VisualStudioVersion = 17.7.34031.279
MinimumVisualStudioVersion = 10.0.40219.1
Project("{FAE04EC0-301F-11D3-BF4B-00C04F79EFBC}") = "Kuliah7", "Kuliah7\Kuliah7.csproj", "{08FF9C50-ED57-4D9B-8A70-6C051DCBC668}"
EndProject
Global
	GlobalSection(SolutionConfigurationPlatforms) = preSolution
		Debug|Any CPU = Debug|Any CPU
		Release|Any CPU = Release|Any CPU
	EndGlobalSection
	GlobalSection(ProjectConfigurationPlatforms) = postSolution
		{08FF9C50-ED57-4D9B-8A70-6C051DCBC668}.Debug|Any CPU.ActiveCfg = Debug|Any CPU
		{08FF9C50-ED57-4D9B-8A70-6C051DCBC668}.Debug|Any CPU.Build.0 = Debug|Any CPU
		{08FF9C50-ED57-4D9B-8A70-6C051DCBC668}.Debug|Any CPU.Deploy.0 = Debug|Any CPU
		{08FF9C50-ED57-4D9B-8A70-6C051DCBC668}.Release|Any CPU.ActiveCfg = Release|Any CPU
		{08FF9C50-ED57-4D9B-8A70-6C051DCBC668}.Release|Any CPU.Build.0 = Release|Any CPU
		{08FF9C50-ED57-4D9B-8A70-6C051DCBC668}.Release|Any CPU.Deploy.0 = Release|Any CPU
	EndGlobalSection
	GlobalSection(SolutionProperties) = preSolution
		HideSolutionNode = FALSE
	EndGlobalSection
	GlobalSection(ExtensibilityGlobals) = postSolution
		SolutionGuid = {A5C0C7C4-1931-4124-AD6A-B50984D729F3}
	EndGlobalSection
EndGlobal
